
Microsoft Visual Studio Solution File, Format Version 12.00
# Visual Studio Version 17
VisualStudioVersion = 17.4.33103.184
MinimumVisualStudioVersion = 10.0.40219.1
Project("{FAE04EC0-301F-11D3-BF4B-00C04F79EFBC}") = "WindowsFormsApp1", "WindowsFormsApp1\WindowsFormsApp1.csproj", "{EF70E3F5-07C1-4823-8244-D3E843DECDB7}"
EndProject
Global
	GlobalSection(SolutionConfigurationPlatforms) = preSolution
		Debug|Any CPU = Debug|Any CPU
		Release|Any CPU = Release|Any CPU
	EndGlobalSection
	GlobalSection(ProjectConfigurationPlatforms) = postSolution
		{EF70E3F5-07C1-4823-8244-D3E843DECDB7}.Debug|Any CPU.ActiveCfg = Debug|Any CPU
		{EF70E3F5-07C1-4823-8244-D3E843DECDB7}.Debug|Any CPU.Build.0 = Debug|Any CPU
		{EF70E3F5-07C1-4823-8244-D3E843DECDB7}.Release|Any CPU.ActiveCfg = Release|Any CPU
		{EF70E3F5-07C1-4823-8244-D3E843DECDB7}.Release|Any CPU.Build.0 = Release|Any CPU
	EndGlobalSection
	GlobalSection(SolutionProperties) = preSolution
		HideSolutionNode = FALSE
	EndGlobalSection
	GlobalSection(ExtensibilityGlobals) = postSolution
		SolutionGuid = {704506EB-3C91-4C4B-8294-BE0118849044}
	EndGlobalSection
EndGlobal
